
Microsoft Visual Studio Solution File, Format Version 12.00
# Visual Studio Version 17
VisualStudioVersion = 17.0.32112.339
MinimumVisualStudioVersion = 10.0.40219.1
Project("{FAE04EC0-301F-11D3-BF4B-00C04F79EFBC}") = "Netizen.Data", "Netizen.Data\Netizen.Data.csproj", "{5F586A86-7962-441C-ADDE-D04E1E6A0662}"
EndProject
Project("{FAE04EC0-301F-11D3-BF4B-00C04F79EFBC}") = "Netizen.Data.Demo", "Netizen.Data.Demo\Netizen.Data.Demo.csproj", "{F598792F-E8F7-44D1-8C4A-E4ED843E62C0}"
EndProject
Global
	GlobalSection(SolutionConfigurationPlatforms) = preSolution
		Debug|Any CPU = Debug|Any CPU
		Release|Any CPU = Release|Any CPU
	EndGlobalSection
	GlobalSection(ProjectConfigurationPlatforms) = postSolution
		{5F586A86-7962-441C-ADDE-D04E1E6A0662}.Debug|Any CPU.ActiveCfg = Debug|Any CPU
		{5F586A86-7962-441C-ADDE-D04E1E6A0662}.Debug|Any CPU.Build.0 = Debug|Any CPU
		{5F586A86-7962-441C-ADDE-D04E1E6A0662}.Release|Any CPU.ActiveCfg = Release|Any CPU
		{5F586A86-7962-441C-ADDE-D04E1E6A0662}.Release|Any CPU.Build.0 = Release|Any CPU
		{F598792F-E8F7-44D1-8C4A-E4ED843E62C0}.Debug|Any CPU.ActiveCfg = Debug|Any CPU
		{F598792F-E8F7-44D1-8C4A-E4ED843E62C0}.Debug|Any CPU.Build.0 = Debug|Any CPU
		{F598792F-E8F7-44D1-8C4A-E4ED843E62C0}.Release|Any CPU.ActiveCfg = Release|Any CPU
		{F598792F-E8F7-44D1-8C4A-E4ED843E62C0}.Release|Any CPU.Build.0 = Release|Any CPU
	EndGlobalSection
	GlobalSection(SolutionProperties) = preSolution
		HideSolutionNode = FALSE
	EndGlobalSection
	GlobalSection(ExtensibilityGlobals) = postSolution
		SolutionGuid = {21ED17C7-B5A2-4EF5-A1BA-163E59D5B46D}
	EndGlobalSection
EndGlobal
